<?xml version="1.0" encoding="utf-8"?>
<Project ToolsVersion="4.0" xmlns="http://schemas.microsoft.com/developer/msbuild/2003">
  <ItemGroup>
    <Filter Include="소스 파일">
      <UniqueIdentifier>{4FC737F1-C7A5-4376-A066-2A32D752A2FF}</UniqueIdentifier>
      <Extensions>cpp;c;cc;cxx;def;odl;idl;hpj;bat;asm;asmx</Extensions>
    </Filter>
    <Filter Include="헤더 파일">
      <UniqueIdentifier>{93995380-89BD-4b04-88EB-625FBE52EBFB}</UniqueIdentifier>
      <Extensions>h;hh;hpp;hxx;hm;inl;inc;xsd</Extensions>
    </Filter>
    <Filter Include="리소스 파일">
      <UniqueIdentifier>{67DA6AB6-F800-4c08-8B7A-83BB121AAD01}</UniqueIdentifier>
      <Extensions>rc;ico;cur;bmp;dlg;rc2;rct;bin;rgs;gif;jpg;jpeg;jpe;resx;tiff;tif;png;wav;mfcribbon-ms</Extensions>
    </Filter>
  </ItemGroup>
  <ItemGroup>
    <ClCompile Include="소스.cpp">
      <Filter>소스 파일</Filter>
    </ClCompile>
    <ClCompile Include="소스2.cpp">
      <Filter>소스 파일</Filter>
    </ClCompile>
    <ClCompile Include="소스1.cpp">
      <Filter>소스 파일</Filter>
    </ClCompile>
    <ClCompile Include="소스3.cpp">
      <Filter>소스 파일</Filter>
    </ClCompile>
    <ClCompile Include="소스4.cpp">
      <Filter>소스 파일</Filter>
    </ClCompile>
    <ClCompile Include="소스5.cpp">
      <Filter>소스 파일</Filter>
    </ClCompile>
    <ClCompile Include="소스6.cpp">
      <Filter>소스 파일</Filter>
    </ClCompile>
    <ClCompile Include="dfs_bfs.cpp">
      <Filter>소스 파일</Filter>
    </ClCompile>
    <ClCompile Include="matrix.cpp">
      <Filter>소스 파일</Filter>
    </ClCompile>
    <ClCompile Include="사자.cpp">
      <Filter>소스 파일</Filter>
    </ClCompile>
    <ClCompile Include="dam.cpp">
      <Filter>소스 파일</Filter>
    </ClCompile>
    <ClCompile Include="meat.cpp">
      <Filter>소스 파일</Filter>
    </ClCompile>
    <ClCompile Include="소스7.cpp">
      <Filter>소스 파일</Filter>
    </ClCompile>
    <ClCompile Include="maze.cpp">
      <Filter>소스 파일</Filter>
    </ClCompile>
    <ClCompile Include="bridge.cpp">
      <Filter>소스 파일</Filter>
    </ClCompile>
    <ClCompile Include="mismatched brackets.cpp">
      <Filter>소스 파일</Filter>
    </ClCompile>
    <ClCompile Include="ky.cpp">
      <Filter>소스 파일</Filter>
    </ClCompile>
    <ClCompile Include="quadtree.cpp">
      <Filter>소스 파일</Filter>
    </ClCompile>
    <ClCompile Include="coloredBeadWorks.cpp">
      <Filter>소스 파일</Filter>
    </ClCompile>
    <ClCompile Include="저항.cpp">
      <Filter>소스 파일</Filter>
    </ClCompile>
    <ClCompile Include="분산처리.cpp">
      <Filter>소스 파일</Filter>
    </ClCompile>
    <ClCompile Include="codershigh.cpp">
      <Filter>소스 파일</Filter>
    </ClCompile>
    <ClCompile Include="codershigh2.cpp">
      <Filter>소스 파일</Filter>
    </ClCompile>
    <ClCompile Include="CountCircleGroup.cpp">
      <Filter>소스 파일</Filter>
    </ClCompile>
    <ClCompile Include="쨰로탈출.cpp">
      <Filter>소스 파일</Filter>
    </ClCompile>
    <ClCompile Include="돌림판(small).cpp">
      <Filter>소스 파일</Filter>
    </ClCompile>
    <ClCompile Include="CTP공국.cpp">
      <Filter>소스 파일</Filter>
    </ClCompile>
    <ClCompile Include="원피스.cpp">
      <Filter>소스 파일</Filter>
    </ClCompile>
    <ClCompile Include="소스8.cpp">
      <Filter>소스 파일</Filter>
    </ClCompile>
    <ClCompile Include="스티커.cpp">
      <Filter>소스 파일</Filter>
    </ClCompile>
    <ClCompile Include="단방향 링크드리스트.cpp">
      <Filter>소스 파일</Filter>
    </ClCompile>
    <ClCompile Include="bubble sort.cpp">
      <Filter>소스 파일</Filter>
    </ClCompile>
    <ClCompile Include="환형 링크드리스트.cpp">
      <Filter>소스 파일</Filter>
    </ClCompile>
  </ItemGroup>
</Project>